// !$*UTF8*$!
{
	archiveVersion = 1;
	classes = {
	};
	objectVersion = 55;
	objects = {

/* Begin PBXBuildFile section */
		DE76E91C29A16B2C00E6146E /* RaycasterGame.swift in Sources */ = {isa = PBXBuildFile; fileRef = DE76E91B29A16B2C00E6146E /* RaycasterGame.swift */; };
		DE8E111A28B1D40100F0E182 /* GameApp.swift in Sources */ = {isa = PBXBuildFile; fileRef = DE8E111928B1D40100F0E182 /* GameApp.swift */; };
		DE8E111C28B1D40100F0E182 /* ContentView.swift in Sources */ = {isa = PBXBuildFile; fileRef = DE8E111B28B1D40100F0E182 /* ContentView.swift */; };
		DE8E111E28B1D40200F0E182 /* Assets.xcassets in Resources */ = {isa = PBXBuildFile; fileRef = DE8E111D28B1D40200F0E182 /* Assets.xcassets */; };
		DE8E112128B1D40200F0E182 /* Preview Assets.xcassets in Resources */ = {isa = PBXBuildFile; fileRef = DE8E112028B1D40200F0E182 /* Preview Assets.xcassets */; };
		DED7438B299347D500A26259 /* RaycastingOne.swift in Sources */ = {isa = PBXBuildFile; fileRef = DED7438A299347D500A26259 /* RaycastingOne.swift */; };
		DED7438D2994494000A26259 /* RaycastingTwo.swift in Sources */ = {isa = PBXBuildFile; fileRef = DED7438C2994494000A26259 /* RaycastingTwo.swift */; };
		DED7438F299458CE00A26259 /* RaycastingThree.swift in Sources */ = {isa = PBXBuildFile; fileRef = DED7438E299458CE00A26259 /* RaycastingThree.swift */; };
		DED74391299487A700A26259 /* RaycastingFour.swift in Sources */ = {isa = PBXBuildFile; fileRef = DED74390299487A700A26259 /* RaycastingFour.swift */; };
/* End PBXBuildFile section */

/* Begin PBXFileReference section */
		DE76E91B29A16B2C00E6146E /* RaycasterGame.swift */ = {isa = PBXFileReference; lastKnownFileType = sourcecode.swift; path = RaycasterGame.swift; sourceTree = "<group>"; };
		DE8E111628B1D40100F0E182 /* Game.app */ = {isa = PBXFileReference; explicitFileType = wrapper.application; includeInIndex = 0; path = Game.app; sourceTree = BUILT_PRODUCTS_DIR; };
		DE8E111928B1D40100F0E182 /* GameApp.swift */ = {isa = PBXFileReference; lastKnownFileType = sourcecode.swift; path = GameApp.swift; sourceTree = "<group>"; };
		DE8E111B28B1D40100F0E182 /* ContentView.swift */ = {isa = PBXFileReference; lastKnownFileType = sourcecode.swift; path = ContentView.swift; sourceTree = "<group>"; };
		DE8E111D28B1D40200F0E182 /* Assets.xcassets */ = {isa = PBXFileReference; lastKnownFileType = folder.assetcatalog; path = Assets.xcassets; sourceTree = "<group>"; };
		DE8E112028B1D40200F0E182 /* Preview Assets.xcassets */ = {isa = PBXFileReference; lastKnownFileType = folder.assetcatalog; path = "Preview Assets.xcassets"; sourceTree = "<group>"; };
		DED7438A299347D500A26259 /* RaycastingOne.swift */ = {isa = PBXFileReference; lastKnownFileType = sourcecode.swift; path = RaycastingOne.swift; sourceTree = "<group>"; };
		DED7438C2994494000A26259 /* RaycastingTwo.swift */ = {isa = PBXFileReference; lastKnownFileType = sourcecode.swift; path = RaycastingTwo.swift; sourceTree = "<group>"; };
		DED7438E299458CE00A26259 /* RaycastingThree.swift */ = {isa = PBXFileReference; lastKnownFileType = sourcecode.swift; path = RaycastingThree.swift; sourceTree = "<group>"; };
		DED74390299487A700A26259 /* RaycastingFour.swift */ = {isa = PBXFileReference; lastKnownFileType = sourcecode.swift; path = RaycastingFour.swift; sourceTree = "<group>"; };
/* End PBXFileReference section */

/* Begin PBXFrameworksBuildPhase section */
		DE8E111328B1D40100F0E182 /* Frameworks */ = {
			isa = PBXFrameworksBuildPhase;
			buildActionMask = 2147483647;
			files = (
			);
			runOnlyForDeploymentPostprocessing = 0;
		};
/* End PBXFrameworksBuildPhase section */

/* Begin PBXGroup section */
		DE8E110D28B1D40100F0E182 = {
			isa = PBXGroup;
			children = (
				DE8E111828B1D40100F0E182 /* Game */,
				DE8E111728B1D40100F0E182 /* Products */,
			);
			sourceTree = "<group>";
		};
		DE8E111728B1D40100F0E182 /* Products */ = {
			isa = PBXGroup;
			children = (
				DE8E111628B1D40100F0E182 /* Game.app */,
			);
			name = Products;
			sourceTree = "<group>";
		};
		DE8E111828B1D40100F0E182 /* Game */ = {
			isa = PBXGroup;
			children = (
				DE8E111928B1D40100F0E182 /* GameApp.swift */,
				DE8E111B28B1D40100F0E182 /* ContentView.swift */,
				DE76E91B29A16B2C00E6146E /* RaycasterGame.swift */,
				DED7438A299347D500A26259 /* RaycastingOne.swift */,
				DED7438C2994494000A26259 /* RaycastingTwo.swift */,
				DED7438E299458CE00A26259 /* RaycastingThree.swift */,
				DED74390299487A700A26259 /* RaycastingFour.swift */,
				DE8E111D28B1D40200F0E182 /* Assets.xcassets */,
				DE8E111F28B1D40200F0E182 /* Preview Content */,
			);
			path = Game;
			sourceTree = "<group>";
		};
		DE8E111F28B1D40200F0E182 /* Preview Content */ = {
			isa = PBXGroup;
			children = (
				DE8E112028B1D40200F0E182 /* Preview Assets.xcassets */,
			);
			path = "Preview Content";
			sourceTree = "<group>";
		};
/* End PBXGroup section */

/* Begin PBXNativeTarget section */
		DE8E111528B1D40100F0E182 /* Game */ = {
			isa = PBXNativeTarget;
			buildConfigurationList = DE8E112428B1D40200F0E182 /* Build configuration list for PBXNativeTarget "Game" */;
			buildPhases = (
				DE8E111228B1D40100F0E182 /* Sources */,
				DE8E111328B1D40100F0E182 /* Frameworks */,
				DE8E111428B1D40100F0E182 /* Resources */,
			);
			buildRules = (
			);
			dependencies = (
			);
			name = Game;
			productName = Game;
			productReference = DE8E111628B1D40100F0E182 /* Game.app */;
			productType = "com.apple.product-type.application";
		};
/* End PBXNativeTarget section */

/* Begin PBXProject section */
		DE8E110E28B1D40100F0E182 /* Project object */ = {
			isa = PBXProject;
			attributes = {
				BuildIndependentTargetsInParallel = 1;
				LastSwiftUpdateCheck = 1330;
				LastUpgradeCheck = 1330;
				TargetAttributes = {
					DE8E111528B1D40100F0E182 = {
						CreatedOnToolsVersion = 13.3.1;
					};
				};
			};
			buildConfigurationList = DE8E111128B1D40100F0E182 /* Build configuration list for PBXProject "Game" */;
			compatibilityVersion = "Xcode 13.0";
			developmentRegion = en;
			hasScannedForEncodings = 0;
			knownRegions = (
				en,
				Base,
			);
			mainGroup = DE8E110D28B1D40100F0E182;
			productRefGroup = DE8E111728B1D40100F0E182 /* Products */;
			projectDirPath = "";
			projectRoot = "";
			targets = (
				DE8E111528B1D40100F0E182 /* Game */,
			);
		};
/* End PBXProject section */

/* Begin PBXResourcesBuildPhase section */
		DE8E111428B1D40100F0E182 /* Resources */ = {
			isa = PBXResourcesBuildPhase;
			buildActionMask = 2147483647;
			files = (
				DE8E112128B1D40200F0E182 /* Preview Assets.xcassets in Resources */,
				DE8E111E28B1D40200F0E182 /* Assets.xcassets in Resources */,
			);
			runOnlyForDeploymentPostprocessing = 0;
		};
/* End PBXResourcesBuildPhase section */

/* Begin PBXSourcesBuildPhase section */
		DE8E111228B1D40100F0E182 /* Sources */ = {
			isa = PBXSourcesBuildPhase;
			buildActionMask = 2147483647;
			files = (
				DE8E111C28B1D40100F0E182 /* ContentView.swift in Sources */,
				DE76E91C29A16B2C00E6146E /* RaycasterGame.swift in Sources */,
				DED7438D2994494000A26259 /* RaycastingTwo.swift in Sources */,
				DED74391299487A700A26259 /* RaycastingFour.swift in Sources */,
				DED7438F299458CE00A26259 /* RaycastingThree.swift in Sources */,
				DE8E111A28B1D40100F0E182 /* GameApp.swift in Sources */,
				DED7438B299347D500A26259 /* RaycastingOne.swift in Sources */,
			);
			runOnlyForDeploymentPostprocessing = 0;
		};
/* End PBXSourcesBuildPhase section */

/* Begin XCBuildConfiguration section */
		DE8E112228B1D40200F0E182 /* Debug */ = {
			isa = XCBuildConfiguration;
			buildSettings = {
				ALWAYS_SEARCH_USER_PATHS = NO;
				CLANG_ANALYZER_NONNULL = YES;
				CLANG_ANALYZER_NUMBER_OBJECT_CONVERSION = YES_AGGRESSIVE;
				CLANG_CXX_LANGUAGE_STANDARD = "gnu++17";
				CLANG_ENABLE_MODULES = YES;
				CLANG_ENABLE_OBJC_ARC = YES;
				CLANG_ENABLE_OBJC_WEAK = YES;
				CLANG_WARN_BLOCK_CAPTURE_AUTORELEASING = YES;
				CLANG_WARN_BOOL_CONVERSION = YES;
				CLANG_WARN_COMMA = YES;
				CLANG_WARN_CONSTANT_CONVERSION = YES;
				CLANG_WARN_DEPRECATED_OBJC_IMPLEMENTATIONS = YES;
				CLANG_WARN_DIRECT_OBJC_ISA_USAGE = YES_ERROR;
				CLANG_WARN_DOCUMENTATION_COMMENTS = YES;
				CLANG_WARN_EMPTY_BODY = YES;
				CLANG_WARN_ENUM_CONVERSION = YES;
				CLANG_WARN_INFINITE_RECURSION = YES;
				CLANG_WARN_INT_CONVERSION = YES;
				CLANG_WARN_NON_LITERAL_NULL_CONVERSION = YES;
				CLANG_WARN_OBJC_IMPLICIT_RETAIN_SELF = YES;
				CLANG_WARN_OBJC_LITERAL_CONVERSION = YES;
				CLANG_WARN_OBJC_ROOT_CLASS = YES_ERROR;
				CLANG_WARN_QUOTED_INCLUDE_IN_FRAMEWORK_HEADER = YES;
				CLANG_WARN_RANGE_LOOP_ANALYSIS = YES;
				CLANG_WARN_STRICT_PROTOTYPES = YES;
				CLANG_WARN_SUSPICIOUS_MOVE = YES;
				CLANG_WARN_UNGUARDED_AVAILABILITY = YES_AGGRESSIVE;
				CLANG_WARN_UNREACHABLE_CODE = YES;
				CLANG_WARN__DUPLICATE_METHOD_MATCH = YES;
				COPY_PHASE_STRIP = NO;
				DEBUG_INFORMATION_FORMAT = dwarf;
				ENABLE_STRICT_OBJC_MSGSEND = YES;
				ENABLE_TESTABILITY = YES;
				GCC_C_LANGUAGE_STANDARD = gnu11;
				GCC_DYNAMIC_NO_PIC = NO;
				GCC_NO_COMMON_BLOCKS = YES;
				GCC_OPTIMIZATION_LEVEL = 0;
				GCC_PREPROCESSOR_DEFINITIONS = (
					"DEBUG=1",
					"$(inherited)",
				);
				GCC_WARN_64_TO_32_BIT_CONVERSION = YES;
				GCC_WARN_ABOUT_RETURN_TYPE = YES_ERROR;
				GCC_WARN_UNDECLARED_SELECTOR = YES;
				GCC_WARN_UNINITIALIZED_AUTOS = YES_AGGRESSIVE;
				GCC_WARN_UNUSED_FUNCTION = YES;
				GCC_WARN_UNUSED_VARIABLE = YES;
				IPHONEOS_DEPLOYMENT_TARGET = 15.4;
				MTL_ENABLE_DEBUG_INFO = INCLUDE_SOURCE;
				MTL_FAST_MATH = YES;
				ONLY_ACTIVE_ARCH = YES;
				SDKROOT = iphoneos;
				SWIFT_ACTIVE_COMPILATION_CONDITIONS = DEBUG;
				SWIFT_OPTIMIZATION_LEVEL = "-Onone";
			};
			name = Debug;
		};
		DE8E112328B1D40200F0E182 /* Release */ = {
			isa = XCBuildConfiguration;
			buildSettings = {
				ALWAYS_SEARCH_USER_PATHS = NO;
				CLANG_ANALYZER_NONNULL = YES;
				CLANG_ANALYZER_NUMBER_OBJECT_CONVERSION = YES_AGGRESSIVE;
				CLANG_CXX_LANGUAGE_STANDARD = "gnu++17";
				CLANG_ENABLE_MODULES = YES;
				CLANG_ENABLE_OBJC_ARC = YES;
				CLANG_ENABLE_OBJC_WEAK = YES;
				CLANG_WARN_BLOCK_CAPTURE_AUTORELEASING = YES;
				CLANG_WARN_BOOL_CONVERSION = YES;
				CLANG_WARN_COMMA = YES;
				CLANG_WARN_CONSTANT_CONVERSION = YES;
				CLANG_WARN_DEPRECATED_OBJC_IMPLEMENTATIONS = YES;
				CLANG_WARN_DIRECT_OBJC_ISA_USAGE = YES_ERROR;
				CLANG_WARN_DOCUMENTATION_COMMENTS = YES;
				CLANG_WARN_EMPTY_BODY = YES;
				CLANG_WARN_ENUM_CONVERSION = YES;
				CLANG_WARN_INFINITE_RECURSION = YES;
				CLANG_WARN_INT_CONVERSION = YES;
				CLANG_WARN_NON_LITERAL_NULL_CONVERSION = YES;
				CLANG_WARN_OBJC_IMPLICIT_RETAIN_SELF = YES;
				CLANG_WARN_OBJC_LITERAL_CONVERSION = YES;
				CLANG_WARN_OBJC_ROOT_CLASS = YES_ERROR;
				CLANG_WARN_QUOTED_INCLUDE_IN_FRAMEWORK_HEADER = YES;
				CLANG_WARN_RANGE_LOOP_ANALYSIS = YES;
				CLANG_WARN_STRICT_PROTOTYPES = YES;
				CLANG_WARN_SUSPICIOUS_MOVE = YES;
				CLANG_WARN_UNGUARDED_AVAILABILITY = YES_AGGRESSIVE;
				CLANG_WARN_UNREACHABLE_CODE = YES;
				CLANG_WARN__DUPLICATE_METHOD_MATCH = YES;
				COPY_PHASE_STRIP = NO;
				DEBUG_INFORMATION_FORMAT = "dwarf-with-dsym";
				ENABLE_NS_ASSERTIONS = NO;
				ENABLE_STRICT_OBJC_MSGSEND = YES;
				GCC_C_LANGUAGE_STANDARD = gnu11;
				GCC_NO_COMMON_BLOCKS = YES;
				GCC_WARN_64_TO_32_BIT_CONVERSION = YES;
				GCC_WARN_ABOUT_RETURN_TYPE = YES_ERROR;
				GCC_WARN_UNDECLARED_SELECTOR = YES;
				GCC_WARN_UNINITIALIZED_AUTOS = YES_AGGRESSIVE;
				GCC_WARN_UNUSED_FUNCTION = YES;
				GCC_WARN_UNUSED_VARIABLE = YES;
				IPHONEOS_DEPLOYMENT_TARGET = 15.4;
				MTL_ENABLE_DEBUG_INFO = NO;
				MTL_FAST_MATH = YES;
				SDKROOT = iphoneos;
				SWIFT_COMPILATION_MODE = wholemodule;
				SWIFT_OPTIMIZATION_LEVEL = "-O";
				VALIDATE_PRODUCT = YES;
			};
			name = Release;
		};
		DE8E112528B1D40200F0E182 /* Debug */ = {
			isa = XCBuildConfiguration;
			buildSettings = {
				ASSETCATALOG_COMPILER_APPICON_NAME = AppIcon;
				ASSETCATALOG_COMPILER_GLOBAL_ACCENT_COLOR_NAME = AccentColor;
				CODE_SIGN_STYLE = Automatic;
				CURRENT_PROJECT_VERSION = 1;
				DEVELOPMENT_ASSET_PATHS = "\"Game/Preview Content\"";
				DEVELOPMENT_TEAM = 7YFWG6J4YR;
				ENABLE_PREVIEWS = YES;
				GENERATE_INFOPLIST_FILE = YES;
				INFOPLIST_KEY_UIApplicationSceneManifest_Generation = YES;
				INFOPLIST_KEY_UIApplicationSupportsIndirectInputEvents = YES;
				INFOPLIST_KEY_UILaunchScreen_Generation = YES;
				INFOPLIST_KEY_UISupportedInterfaceOrientations_iPad = "UIInterfaceOrientationPortrait UIInterfaceOrientationPortraitUpsideDown UIInterfaceOrientationLandscapeLeft UIInterfaceOrientationLandscapeRight";
				INFOPLIST_KEY_UISupportedInterfaceOrientations_iPhone = "UIInterfaceOrientationPortrait UIInterfaceOrientationLandscapeLeft UIInterfaceOrientationLandscapeRight";
				IPHONEOS_DEPLOYMENT_TARGET = 15.0;
				LD_RUNPATH_SEARCH_PATHS = (
					"$(inherited)",
					"@executable_path/Frameworks",
				);
				MARKETING_VERSION = 1.0;
				PRODUCT_BUNDLE_IDENTIFIER = com.glennbrannelly.Game;
				PRODUCT_NAME = "$(TARGET_NAME)";
				SWIFT_EMIT_LOC_STRINGS = YES;
				SWIFT_VERSION = 5.0;
				TARGETED_DEVICE_FAMILY = "1,2";
			};
			name = Debug;
		};
		DE8E112628B1D40200F0E182 /* Release */ = {
			isa = XCBuildConfiguration;
			buildSettings = {
				ASSETCATALOG_COMPILER_APPICON_NAME = AppIcon;
				ASSETCATALOG_COMPILER_GLOBAL_ACCENT_COLOR_NAME = AccentColor;
				CODE_SIGN_STYLE = Automatic;
				CURRENT_PROJECT_VERSION = 1;
				DEVELOPMENT_ASSET_PATHS = "\"Game/Preview Content\"";
				DEVELOPMENT_TEAM = 7YFWG6J4YR;
				ENABLE_PREVIEWS = YES;
				GENERATE_INFOPLIST_FILE = YES;
				INFOPLIST_KEY_UIApplicationSceneManifest_Generation = YES;
				INFOPLIST_KEY_UIApplicationSupportsIndirectInputEvents = YES;
				INFOPLIST_KEY_UILaunchScreen_Generation = YES;
				INFOPLIST_KEY_UISupportedInterfaceOrientations_iPad = "UIInterfaceOrientationPortrait UIInterfaceOrientationPortraitUpsideDown UIInterfaceOrientationLandscapeLeft UIInterfaceOrientationLandscapeRight";
				INFOPLIST_KEY_UISupportedInterfaceOrientations_iPhone = "UIInterfaceOrientationPortrait UIInterfaceOrientationLandscapeLeft UIInterfaceOrientationLandscapeRight";
				IPHONEOS_DEPLOYMENT_TARGET = 15.0;
				LD_RUNPATH_SEARCH_PATHS = (
					"$(inherited)",
					"@executable_path/Frameworks",
				);
				MARKETING_VERSION = 1.0;
				PRODUCT_BUNDLE_IDENTIFIER = com.glennbrannelly.Game;
				PRODUCT_NAME = "$(TARGET_NAME)";
				SWIFT_EMIT_LOC_STRINGS = YES;
				SWIFT_VERSION = 5.0;
				TARGETED_DEVICE_FAMILY = "1,2";
			};
			name = Release;
		};
/* End XCBuildConfiguration section */

/* Begin XCConfigurationList section */
		DE8E111128B1D40100F0E182 /* Build configuration list for PBXProject "Game" */ = {
			isa = XCConfigurationList;
			buildConfigurations = (
				DE8E112228B1D40200F0E182 /* Debug */,
				DE8E112328B1D40200F0E182 /* Release */,
			);
			defaultConfigurationIsVisible = 0;
			defaultConfigurationName = Release;
		};
		DE8E112428B1D40200F0E182 /* Build configuration list for PBXNativeTarget "Game" */ = {
			isa = XCConfigurationList;
			buildConfigurations = (
				DE8E112528B1D40200F0E182 /* Debug */,
				DE8E112628B1D40200F0E182 /* Release */,
			);
			defaultConfigurationIsVisible = 0;
			defaultConfigurationName = Release;
		};
/* End XCConfigurationList section */
	};
	rootObject = DE8E110E28B1D40100F0E182 /* Project object */;
}
